
Microsoft Visual Studio Solution File, Format Version 12.00
# Visual Studio Version 16
VisualStudioVersion = 16.0.32002.261
MinimumVisualStudioVersion = 10.0.40219.1
Project("{FAE04EC0-301F-11D3-BF4B-00C04F79EFBC}") = "MultiGame", "MultiGame\MultiGame.csproj", "{A9DFB071-C05B-49BE-8AFA-51E91F21F07D}"
EndProject
Project("{FAE04EC0-301F-11D3-BF4B-00C04F79EFBC}") = "Testing", "Testing\Testing.csproj", "{EAF75F64-DB61-4FFB-85C3-EE92A22DFAA3}"
EndProject
Global
	GlobalSection(SolutionConfigurationPlatforms) = preSolution
		Debug|Any CPU = Debug|Any CPU
		Release|Any CPU = Release|Any CPU
	EndGlobalSection
	GlobalSection(ProjectConfigurationPlatforms) = postSolution
		{A9DFB071-C05B-49BE-8AFA-51E91F21F07D}.Debug|Any CPU.ActiveCfg = Debug|Any CPU
		{A9DFB071-C05B-49BE-8AFA-51E91F21F07D}.Debug|Any CPU.Build.0 = Debug|Any CPU
		{A9DFB071-C05B-49BE-8AFA-51E91F21F07D}.Release|Any CPU.ActiveCfg = Release|Any CPU
		{A9DFB071-C05B-49BE-8AFA-51E91F21F07D}.Release|Any CPU.Build.0 = Release|Any CPU
		{EAF75F64-DB61-4FFB-85C3-EE92A22DFAA3}.Debug|Any CPU.ActiveCfg = Debug|Any CPU
		{EAF75F64-DB61-4FFB-85C3-EE92A22DFAA3}.Debug|Any CPU.Build.0 = Debug|Any CPU
		{EAF75F64-DB61-4FFB-85C3-EE92A22DFAA3}.Release|Any CPU.ActiveCfg = Release|Any CPU
		{EAF75F64-DB61-4FFB-85C3-EE92A22DFAA3}.Release|Any CPU.Build.0 = Release|Any CPU
	EndGlobalSection
	GlobalSection(SolutionProperties) = preSolution
		HideSolutionNode = FALSE
	EndGlobalSection
	GlobalSection(ExtensibilityGlobals) = postSolution
		SolutionGuid = {CD2470ED-B450-45DE-95B6-A9283F685BF2}
	EndGlobalSection
EndGlobal
